// !$*UTF8*$!
{
	archiveVersion = 1;
	classes = {
	};
	objectVersion = 56;
	objects = {

/* Begin PBXBuildFile section */
		F555AE692ADDA5A900495A63 /* ConverterApp.swift in Sources */ = {isa = PBXBuildFile; fileRef = F555AE682ADDA5A900495A63 /* ConverterApp.swift */; };
		F555AE6B2ADDA5A900495A63 /* ContentView.swift in Sources */ = {isa = PBXBuildFile; fileRef = F555AE6A2ADDA5A900495A63 /* ContentView.swift */; };
		F555AE6D2ADDA5AA00495A63 /* Assets.xcassets in Resources */ = {isa = PBXBuildFile; fileRef = F555AE6C2ADDA5AA00495A63 /* Assets.xcassets */; };
		F555AE702ADDA5AA00495A63 /* Preview Assets.xcassets in Resources */ = {isa = PBXBuildFile; fileRef = F555AE6F2ADDA5AA00495A63 /* Preview Assets.xcassets */; };
		F555AE772ADDA70100495A63 /* Logic.swift in Sources */ = {isa = PBXBuildFile; fileRef = F555AE762ADDA70100495A63 /* Logic.swift */; };
		F555AE7A2ADDBA4100495A63 /* OpenCombine in Frameworks */ = {isa = PBXBuildFile; productRef = F555AE792ADDBA4100495A63 /* OpenCombine */; };
		F555AE7C2ADDBA4100495A63 /* OpenCombineDispatch in Frameworks */ = {isa = PBXBuildFile; productRef = F555AE7B2ADDBA4100495A63 /* OpenCombineDispatch */; };
		F555AE7E2ADDBA4100495A63 /* OpenCombineFoundation in Frameworks */ = {isa = PBXBuildFile; productRef = F555AE7D2ADDBA4100495A63 /* OpenCombineFoundation */; };
		F555AE802ADDBA4100495A63 /* OpenCombineShim in Frameworks */ = {isa = PBXBuildFile; productRef = F555AE7F2ADDBA4100495A63 /* OpenCombineShim */; };
/* End PBXBuildFile section */

/* Begin PBXFileReference section */
		F555AE652ADDA5A900495A63 /* Converter.app */ = {isa = PBXFileReference; explicitFileType = wrapper.application; includeInIndex = 0; path = Converter.app; sourceTree = BUILT_PRODUCTS_DIR; };
		F555AE682ADDA5A900495A63 /* ConverterApp.swift */ = {isa = PBXFileReference; lastKnownFileType = sourcecode.swift; path = ConverterApp.swift; sourceTree = "<group>"; };
		F555AE6A2ADDA5A900495A63 /* ContentView.swift */ = {isa = PBXFileReference; lastKnownFileType = sourcecode.swift; path = ContentView.swift; sourceTree = "<group>"; };
		F555AE6C2ADDA5AA00495A63 /* Assets.xcassets */ = {isa = PBXFileReference; lastKnownFileType = folder.assetcatalog; path = Assets.xcassets; sourceTree = "<group>"; };
		F555AE6F2ADDA5AA00495A63 /* Preview Assets.xcassets */ = {isa = PBXFileReference; lastKnownFileType = folder.assetcatalog; path = "Preview Assets.xcassets"; sourceTree = "<group>"; };
		F555AE762ADDA70100495A63 /* Logic.swift */ = {isa = PBXFileReference; lastKnownFileType = sourcecode.swift; path = Logic.swift; sourceTree = "<group>"; };
/* End PBXFileReference section */

/* Begin PBXFrameworksBuildPhase section */
		F555AE622ADDA5A900495A63 /* Frameworks */ = {
			isa = PBXFrameworksBuildPhase;
			buildActionMask = 2147483647;
			files = (
				F555AE7C2ADDBA4100495A63 /* OpenCombineDispatch in Frameworks */,
				F555AE7E2ADDBA4100495A63 /* OpenCombineFoundation in Frameworks */,
				F555AE7A2ADDBA4100495A63 /* OpenCombine in Frameworks */,
				F555AE802ADDBA4100495A63 /* OpenCombineShim in Frameworks */,
			);
			runOnlyForDeploymentPostprocessing = 0;
		};
/* End PBXFrameworksBuildPhase section */

/* Begin PBXGroup section */
		F555AE5C2ADDA5A900495A63 = {
			isa = PBXGroup;
			children = (
				F555AE672ADDA5A900495A63 /* Converter */,
				F555AE662ADDA5A900495A63 /* Products */,
			);
			sourceTree = "<group>";
		};
		F555AE662ADDA5A900495A63 /* Products */ = {
			isa = PBXGroup;
			children = (
				F555AE652ADDA5A900495A63 /* Converter.app */,
			);
			name = Products;
			sourceTree = "<group>";
		};
		F555AE672ADDA5A900495A63 /* Converter */ = {
			isa = PBXGroup;
			children = (
				F555AE682ADDA5A900495A63 /* ConverterApp.swift */,
				F555AE6A2ADDA5A900495A63 /* ContentView.swift */,
				F555AE762ADDA70100495A63 /* Logic.swift */,
				F555AE6C2ADDA5AA00495A63 /* Assets.xcassets */,
				F555AE6E2ADDA5AA00495A63 /* Preview Content */,
			);
			path = Converter;
			sourceTree = "<group>";
		};
		F555AE6E2ADDA5AA00495A63 /* Preview Content */ = {
			isa = PBXGroup;
			children = (
				F555AE6F2ADDA5AA00495A63 /* Preview Assets.xcassets */,
			);
			path = "Preview Content";
			sourceTree = "<group>";
		};
/* End PBXGroup section */

/* Begin PBXNativeTarget section */
		F555AE642ADDA5A900495A63 /* Converter */ = {
			isa = PBXNativeTarget;
			buildConfigurationList = F555AE732ADDA5AA00495A63 /* Build configuration list for PBXNativeTarget "Converter" */;
			buildPhases = (
				F555AE612ADDA5A900495A63 /* Sources */,
				F555AE622ADDA5A900495A63 /* Frameworks */,
				F555AE632ADDA5A900495A63 /* Resources */,
			);
			buildRules = (
			);
			dependencies = (
			);
			name = Converter;
			packageProductDependencies = (
				F555AE792ADDBA4100495A63 /* OpenCombine */,
				F555AE7B2ADDBA4100495A63 /* OpenCombineDispatch */,
				F555AE7D2ADDBA4100495A63 /* OpenCombineFoundation */,
				F555AE7F2ADDBA4100495A63 /* OpenCombineShim */,
			);
			productName = Converter;
			productReference = F555AE652ADDA5A900495A63 /* Converter.app */;
			productType = "com.apple.product-type.application";
		};
/* End PBXNativeTarget section */

/* Begin PBXProject section */
		F555AE5D2ADDA5A900495A63 /* Project object */ = {
			isa = PBXProject;
			attributes = {
				BuildIndependentTargetsInParallel = 1;
				LastSwiftUpdateCheck = 1430;
				LastUpgradeCheck = 1430;
				TargetAttributes = {
					F555AE642ADDA5A900495A63 = {
						CreatedOnToolsVersion = 14.3;
					};
				};
			};
			buildConfigurationList = F555AE602ADDA5A900495A63 /* Build configuration list for PBXProject "Converter" */;
			compatibilityVersion = "Xcode 14.0";
			developmentRegion = en;
			hasScannedForEncodings = 0;
			knownRegions = (
				en,
				Base,
			);
			mainGroup = F555AE5C2ADDA5A900495A63;
			packageReferences = (
				F555AE782ADDBA4000495A63 /* XCRemoteSwiftPackageReference "OpenCombine" */,
			);
			productRefGroup = F555AE662ADDA5A900495A63 /* Products */;
			projectDirPath = "";
			projectRoot = "";
			targets = (
				F555AE642ADDA5A900495A63 /* Converter */,
			);
		};
/* End PBXProject section */

/* Begin PBXResourcesBuildPhase section */
		F555AE632ADDA5A900495A63 /* Resources */ = {
			isa = PBXResourcesBuildPhase;
			buildActionMask = 2147483647;
			files = (
				F555AE702ADDA5AA00495A63 /* Preview Assets.xcassets in Resources */,
				F555AE6D2ADDA5AA00495A63 /* Assets.xcassets in Resources */,
			);
			runOnlyForDeploymentPostprocessing = 0;
		};
/* End PBXResourcesBuildPhase section */

/* Begin PBXSourcesBuildPhase section */
		F555AE612ADDA5A900495A63 /* Sources */ = {
			isa = PBXSourcesBuildPhase;
			buildActionMask = 2147483647;
			files = (
				F555AE6B2ADDA5A900495A63 /* ContentView.swift in Sources */,
				F555AE772ADDA70100495A63 /* Logic.swift in Sources */,
				F555AE692ADDA5A900495A63 /* ConverterApp.swift in Sources */,
			);
			runOnlyForDeploymentPostprocessing = 0;
		};
/* End PBXSourcesBuildPhase section */

/* Begin XCBuildConfiguration section */
		F555AE712ADDA5AA00495A63 /* Debug */ = {
			isa = XCBuildConfiguration;
			buildSettings = {
				ALWAYS_SEARCH_USER_PATHS = NO;
				CLANG_ANALYZER_NONNULL = YES;
				CLANG_ANALYZER_NUMBER_OBJECT_CONVERSION = YES_AGGRESSIVE;
				CLANG_CXX_LANGUAGE_STANDARD = "gnu++20";
				CLANG_ENABLE_MODULES = YES;
				CLANG_ENABLE_OBJC_ARC = YES;
				CLANG_ENABLE_OBJC_WEAK = YES;
				CLANG_WARN_BLOCK_CAPTURE_AUTORELEASING = YES;
				CLANG_WARN_BOOL_CONVERSION = YES;
				CLANG_WARN_COMMA = YES;
				CLANG_WARN_CONSTANT_CONVERSION = YES;
				CLANG_WARN_DEPRECATED_OBJC_IMPLEMENTATIONS = YES;
				CLANG_WARN_DIRECT_OBJC_ISA_USAGE = YES_ERROR;
				CLANG_WARN_DOCUMENTATION_COMMENTS = YES;
				CLANG_WARN_EMPTY_BODY = YES;
				CLANG_WARN_ENUM_CONVERSION = YES;
				CLANG_WARN_INFINITE_RECURSION = YES;
				CLANG_WARN_INT_CONVERSION = YES;
				CLANG_WARN_NON_LITERAL_NULL_CONVERSION = YES;
				CLANG_WARN_OBJC_IMPLICIT_RETAIN_SELF = YES;
				CLANG_WARN_OBJC_LITERAL_CONVERSION = YES;
				CLANG_WARN_OBJC_ROOT_CLASS = YES_ERROR;
				CLANG_WARN_QUOTED_INCLUDE_IN_FRAMEWORK_HEADER = YES;
				CLANG_WARN_RANGE_LOOP_ANALYSIS = YES;
				CLANG_WARN_STRICT_PROTOTYPES = YES;
				CLANG_WARN_SUSPICIOUS_MOVE = YES;
				CLANG_WARN_UNGUARDED_AVAILABILITY = YES_AGGRESSIVE;
				CLANG_WARN_UNREACHABLE_CODE = YES;
				CLANG_WARN__DUPLICATE_METHOD_MATCH = YES;
				COPY_PHASE_STRIP = NO;
				DEBUG_INFORMATION_FORMAT = dwarf;
				ENABLE_STRICT_OBJC_MSGSEND = YES;
				ENABLE_TESTABILITY = YES;
				GCC_C_LANGUAGE_STANDARD = gnu11;
				GCC_DYNAMIC_NO_PIC = NO;
				GCC_NO_COMMON_BLOCKS = YES;
				GCC_OPTIMIZATION_LEVEL = 0;
				GCC_PREPROCESSOR_DEFINITIONS = (
					"DEBUG=1",
					"$(inherited)",
				);
				GCC_WARN_64_TO_32_BIT_CONVERSION = YES;
				GCC_WARN_ABOUT_RETURN_TYPE = YES_ERROR;
				GCC_WARN_UNDECLARED_SELECTOR = YES;
				GCC_WARN_UNINITIALIZED_AUTOS = YES_AGGRESSIVE;
				GCC_WARN_UNUSED_FUNCTION = YES;
				GCC_WARN_UNUSED_VARIABLE = YES;
				IPHONEOS_DEPLOYMENT_TARGET = 16.4;
				MTL_ENABLE_DEBUG_INFO = INCLUDE_SOURCE;
				MTL_FAST_MATH = YES;
				ONLY_ACTIVE_ARCH = YES;
				SDKROOT = iphoneos;
				SWIFT_ACTIVE_COMPILATION_CONDITIONS = DEBUG;
				SWIFT_OPTIMIZATION_LEVEL = "-Onone";
			};
			name = Debug;
		};
		F555AE722ADDA5AA00495A63 /* Release */ = {
			isa = XCBuildConfiguration;
			buildSettings = {
				ALWAYS_SEARCH_USER_PATHS = NO;
				CLANG_ANALYZER_NONNULL = YES;
				CLANG_ANALYZER_NUMBER_OBJECT_CONVERSION = YES_AGGRESSIVE;
				CLANG_CXX_LANGUAGE_STANDARD = "gnu++20";
				CLANG_ENABLE_MODULES = YES;
				CLANG_ENABLE_OBJC_ARC = YES;
				CLANG_ENABLE_OBJC_WEAK = YES;
				CLANG_WARN_BLOCK_CAPTURE_AUTORELEASING = YES;
				CLANG_WARN_BOOL_CONVERSION = YES;
				CLANG_WARN_COMMA = YES;
				CLANG_WARN_CONSTANT_CONVERSION = YES;
				CLANG_WARN_DEPRECATED_OBJC_IMPLEMENTATIONS = YES;
				CLANG_WARN_DIRECT_OBJC_ISA_USAGE = YES_ERROR;
				CLANG_WARN_DOCUMENTATION_COMMENTS = YES;
				CLANG_WARN_EMPTY_BODY = YES;
				CLANG_WARN_ENUM_CONVERSION = YES;
				CLANG_WARN_INFINITE_RECURSION = YES;
				CLANG_WARN_INT_CONVERSION = YES;
				CLANG_WARN_NON_LITERAL_NULL_CONVERSION = YES;
				CLANG_WARN_OBJC_IMPLICIT_RETAIN_SELF = YES;
				CLANG_WARN_OBJC_LITERAL_CONVERSION = YES;
				CLANG_WARN_OBJC_ROOT_CLASS = YES_ERROR;
				CLANG_WARN_QUOTED_INCLUDE_IN_FRAMEWORK_HEADER = YES;
				CLANG_WARN_RANGE_LOOP_ANALYSIS = YES;
				CLANG_WARN_STRICT_PROTOTYPES = YES;
				CLANG_WARN_SUSPICIOUS_MOVE = YES;
				CLANG_WARN_UNGUARDED_AVAILABILITY = YES_AGGRESSIVE;
				CLANG_WARN_UNREACHABLE_CODE = YES;
				CLANG_WARN__DUPLICATE_METHOD_MATCH = YES;
				COPY_PHASE_STRIP = NO;
				DEBUG_INFORMATION_FORMAT = "dwarf-with-dsym";
				ENABLE_NS_ASSERTIONS = NO;
				ENABLE_STRICT_OBJC_MSGSEND = YES;
				GCC_C_LANGUAGE_STANDARD = gnu11;
				GCC_NO_COMMON_BLOCKS = YES;
				GCC_WARN_64_TO_32_BIT_CONVERSION = YES;
				GCC_WARN_ABOUT_RETURN_TYPE = YES_ERROR;
				GCC_WARN_UNDECLARED_SELECTOR = YES;
				GCC_WARN_UNINITIALIZED_AUTOS = YES_AGGRESSIVE;
				GCC_WARN_UNUSED_FUNCTION = YES;
				GCC_WARN_UNUSED_VARIABLE = YES;
				IPHONEOS_DEPLOYMENT_TARGET = 16.4;
				MTL_ENABLE_DEBUG_INFO = NO;
				MTL_FAST_MATH = YES;
				SDKROOT = iphoneos;
				SWIFT_COMPILATION_MODE = wholemodule;
				SWIFT_OPTIMIZATION_LEVEL = "-O";
				VALIDATE_PRODUCT = YES;
			};
			name = Release;
		};
		F555AE742ADDA5AA00495A63 /* Debug */ = {
			isa = XCBuildConfiguration;
			buildSettings = {
				ASSETCATALOG_COMPILER_APPICON_NAME = AppIcon;
				ASSETCATALOG_COMPILER_GLOBAL_ACCENT_COLOR_NAME = AccentColor;
				CODE_SIGN_STYLE = Automatic;
				CURRENT_PROJECT_VERSION = 1;
				DEVELOPMENT_ASSET_PATHS = "\"Converter/Preview Content\"";
				DEVELOPMENT_TEAM = YDM4QC6KDH;
				ENABLE_PREVIEWS = YES;
				GENERATE_INFOPLIST_FILE = YES;
				INFOPLIST_KEY_UIApplicationSceneManifest_Generation = YES;
				INFOPLIST_KEY_UIApplicationSupportsIndirectInputEvents = YES;
				INFOPLIST_KEY_UILaunchScreen_Generation = YES;
				INFOPLIST_KEY_UISupportedInterfaceOrientations_iPad = "UIInterfaceOrientationPortrait UIInterfaceOrientationPortraitUpsideDown UIInterfaceOrientationLandscapeLeft UIInterfaceOrientationLandscapeRight";
				INFOPLIST_KEY_UISupportedInterfaceOrientations_iPhone = "UIInterfaceOrientationPortrait UIInterfaceOrientationLandscapeLeft UIInterfaceOrientationLandscapeRight";
				LD_RUNPATH_SEARCH_PATHS = (
					"$(inherited)",
					"@executable_path/Frameworks",
				);
				MARKETING_VERSION = 1.0;
				PRODUCT_BUNDLE_IDENTIFIER = com.maksymov.Converter;
				PRODUCT_NAME = "$(TARGET_NAME)";
				SWIFT_EMIT_LOC_STRINGS = YES;
				SWIFT_VERSION = 5.0;
				TARGETED_DEVICE_FAMILY = "1,2";
			};
			name = Debug;
		};
		F555AE752ADDA5AA00495A63 /* Release */ = {
			isa = XCBuildConfiguration;
			buildSettings = {
				ASSETCATALOG_COMPILER_APPICON_NAME = AppIcon;
				ASSETCATALOG_COMPILER_GLOBAL_ACCENT_COLOR_NAME = AccentColor;
				CODE_SIGN_STYLE = Automatic;
				CURRENT_PROJECT_VERSION = 1;
				DEVELOPMENT_ASSET_PATHS = "\"Converter/Preview Content\"";
				DEVELOPMENT_TEAM = YDM4QC6KDH;
				ENABLE_PREVIEWS = YES;
				GENERATE_INFOPLIST_FILE = YES;
				INFOPLIST_KEY_UIApplicationSceneManifest_Generation = YES;
				INFOPLIST_KEY_UIApplicationSupportsIndirectInputEvents = YES;
				INFOPLIST_KEY_UILaunchScreen_Generation = YES;
				INFOPLIST_KEY_UISupportedInterfaceOrientations_iPad = "UIInterfaceOrientationPortrait UIInterfaceOrientationPortraitUpsideDown UIInterfaceOrientationLandscapeLeft UIInterfaceOrientationLandscapeRight";
				INFOPLIST_KEY_UISupportedInterfaceOrientations_iPhone = "UIInterfaceOrientationPortrait UIInterfaceOrientationLandscapeLeft UIInterfaceOrientationLandscapeRight";
				LD_RUNPATH_SEARCH_PATHS = (
					"$(inherited)",
					"@executable_path/Frameworks",
				);
				MARKETING_VERSION = 1.0;
				PRODUCT_BUNDLE_IDENTIFIER = com.maksymov.Converter;
				PRODUCT_NAME = "$(TARGET_NAME)";
				SWIFT_EMIT_LOC_STRINGS = YES;
				SWIFT_VERSION = 5.0;
				TARGETED_DEVICE_FAMILY = "1,2";
			};
			name = Release;
		};
/* End XCBuildConfiguration section */

/* Begin XCConfigurationList section */
		F555AE602ADDA5A900495A63 /* Build configuration list for PBXProject "Converter" */ = {
			isa = XCConfigurationList;
			buildConfigurations = (
				F555AE712ADDA5AA00495A63 /* Debug */,
				F555AE722ADDA5AA00495A63 /* Release */,
			);
			defaultConfigurationIsVisible = 0;
			defaultConfigurationName = Release;
		};
		F555AE732ADDA5AA00495A63 /* Build configuration list for PBXNativeTarget "Converter" */ = {
			isa = XCConfigurationList;
			buildConfigurations = (
				F555AE742ADDA5AA00495A63 /* Debug */,
				F555AE752ADDA5AA00495A63 /* Release */,
			);
			defaultConfigurationIsVisible = 0;
			defaultConfigurationName = Release;
		};
/* End XCConfigurationList section */

/* Begin XCRemoteSwiftPackageReference section */
		F555AE782ADDBA4000495A63 /* XCRemoteSwiftPackageReference "OpenCombine" */ = {
			isa = XCRemoteSwiftPackageReference;
			repositoryURL = "https://github.com/OpenCombine/OpenCombine.git";
			requirement = {
				kind = upToNextMajorVersion;
				minimumVersion = 0.14.0;
			};
		};
/* End XCRemoteSwiftPackageReference section */

/* Begin XCSwiftPackageProductDependency section */
		F555AE792ADDBA4100495A63 /* OpenCombine */ = {
			isa = XCSwiftPackageProductDependency;
			package = F555AE782ADDBA4000495A63 /* XCRemoteSwiftPackageReference "OpenCombine" */;
			productName = OpenCombine;
		};
		F555AE7B2ADDBA4100495A63 /* OpenCombineDispatch */ = {
			isa = XCSwiftPackageProductDependency;
			package = F555AE782ADDBA4000495A63 /* XCRemoteSwiftPackageReference "OpenCombine" */;
			productName = OpenCombineDispatch;
		};
		F555AE7D2ADDBA4100495A63 /* OpenCombineFoundation */ = {
			isa = XCSwiftPackageProductDependency;
			package = F555AE782ADDBA4000495A63 /* XCRemoteSwiftPackageReference "OpenCombine" */;
			productName = OpenCombineFoundation;
		};
		F555AE7F2ADDBA4100495A63 /* OpenCombineShim */ = {
			isa = XCSwiftPackageProductDependency;
			package = F555AE782ADDBA4000495A63 /* XCRemoteSwiftPackageReference "OpenCombine" */;
			productName = OpenCombineShim;
		};
/* End XCSwiftPackageProductDependency section */
	};
	rootObject = F555AE5D2ADDA5A900495A63 /* Project object */;
}
